// !$*UTF8*$!
{
	archiveVersion = 1;
	classes = {
	};
	objectVersion = 46;
	objects = {

/* Begin PBXBuildFile section */
		820DA03018E851A400E3B166 /* Foundation.framework in Frameworks */ = {isa = PBXBuildFile; fileRef = 820DA02F18E851A400E3B166 /* Foundation.framework */; };
		820DA03218E851A400E3B166 /* CoreGraphics.framework in Frameworks */ = {isa = PBXBuildFile; fileRef = 820DA03118E851A400E3B166 /* CoreGraphics.framework */; };
		820DA03418E851A400E3B166 /* UIKit.framework in Frameworks */ = {isa = PBXBuildFile; fileRef = 820DA03318E851A400E3B166 /* UIKit.framework */; };
		820DA03A18E851A400E3B166 /* InfoPlist.strings in Resources */ = {isa = PBXBuildFile; fileRef = 820DA03818E851A400E3B166 /* InfoPlist.strings */; };
		820DA03C18E851A500E3B166 /* main.m in Sources */ = {isa = PBXBuildFile; fileRef = 820DA03B18E851A500E3B166 /* main.m */; };
		820DA04018E851A500E3B166 /* WZAppDelegate.m in Sources */ = {isa = PBXBuildFile; fileRef = 820DA03F18E851A500E3B166 /* WZAppDelegate.m */; };
		820DA04318E851A500E3B166 /* Main.storyboard in Resources */ = {isa = PBXBuildFile; fileRef = 820DA04118E851A500E3B166 /* Main.storyboard */; };
		820DA04618E851A500E3B166 /* WZViewController.m in Sources */ = {isa = PBXBuildFile; fileRef = 820DA04518E851A500E3B166 /* WZViewController.m */; };
		820DA04818E851A500E3B166 /* Images.xcassets in Resources */ = {isa = PBXBuildFile; fileRef = 820DA04718E851A500E3B166 /* Images.xcassets */; };
		820DA04F18E851A500E3B166 /* XCTest.framework in Frameworks */ = {isa = PBXBuildFile; fileRef = 820DA04E18E851A500E3B166 /* XCTest.framework */; };
		820DA05018E851A500E3B166 /* Foundation.framework in Frameworks */ = {isa = PBXBuildFile; fileRef = 820DA02F18E851A400E3B166 /* Foundation.framework */; };
		820DA05118E851A500E3B166 /* UIKit.framework in Frameworks */ = {isa = PBXBuildFile; fileRef = 820DA03318E851A400E3B166 /* UIKit.framework */; };
		820DA05918E851A500E3B166 /* InfoPlist.strings in Resources */ = {isa = PBXBuildFile; fileRef = 820DA05718E851A500E3B166 /* InfoPlist.strings */; };
		820DA05B18E851A500E3B166 /* WZDebugLogTestTests.m in Sources */ = {isa = PBXBuildFile; fileRef = 820DA05A18E851A500E3B166 /* WZDebugLogTestTests.m */; };
		820DA07418E852BA00E3B166 /* configure.plist in Resources */ = {isa = PBXBuildFile; fileRef = 820DA06F18E852BA00E3B166 /* configure.plist */; };
		820DA07518E852BA00E3B166 /* WZDebugLog.m in Sources */ = {isa = PBXBuildFile; fileRef = 820DA07118E852BA00E3B166 /* WZDebugLog.m */; };
		820DA07618E852BA00E3B166 /* WZDebugLogManager.m in Sources */ = {isa = PBXBuildFile; fileRef = 820DA07318E852BA00E3B166 /* WZDebugLogManager.m */; };
/* End PBXBuildFile section */

/* Begin PBXContainerItemProxy section */
		820DA05218E851A500E3B166 /* PBXContainerItemProxy */ = {
			isa = PBXContainerItemProxy;
			containerPortal = 820DA02418E851A400E3B166 /* Project object */;
			proxyType = 1;
			remoteGlobalIDString = 820DA02B18E851A400E3B166;
			remoteInfo = WZDebugLogTest;
		};
/* End PBXContainerItemProxy section */

/* Begin PBXFileReference section */
		820DA02C18E851A400E3B166 /* WZDebugLogTest.app */ = {isa = PBXFileReference; explicitFileType = wrapper.application; includeInIndex = 0; path = WZDebugLogTest.app; sourceTree = BUILT_PRODUCTS_DIR; };
		820DA02F18E851A400E3B166 /* Foundation.framework */ = {isa = PBXFileReference; lastKnownFileType = wrapper.framework; name = Foundation.framework; path = System/Library/Frameworks/Foundation.framework; sourceTree = SDKROOT; };
		820DA03118E851A400E3B166 /* CoreGraphics.framework */ = {isa = PBXFileReference; lastKnownFileType = wrapper.framework; name = CoreGraphics.framework; path = System/Library/Frameworks/CoreGraphics.framework; sourceTree = SDKROOT; };
		820DA03318E851A400E3B166 /* UIKit.framework */ = {isa = PBXFileReference; lastKnownFileType = wrapper.framework; name = UIKit.framework; path = System/Library/Frameworks/UIKit.framework; sourceTree = SDKROOT; };
		820DA03718E851A400E3B166 /* WZDebugLogTest-Info.plist */ = {isa = PBXFileReference; lastKnownFileType = text.plist.xml; path = "WZDebugLogTest-Info.plist"; sourceTree = "<group>"; };
		820DA03918E851A400E3B166 /* en */ = {isa = PBXFileReference; lastKnownFileType = text.plist.strings; name = en; path = en.lproj/InfoPlist.strings; sourceTree = "<group>"; };
		820DA03B18E851A500E3B166 /* main.m */ = {isa = PBXFileReference; lastKnownFileType = sourcecode.c.objc; path = main.m; sourceTree = "<group>"; };
		820DA03D18E851A500E3B166 /* WZDebugLogTest-Prefix.pch */ = {isa = PBXFileReference; lastKnownFileType = sourcecode.c.h; path = "WZDebugLogTest-Prefix.pch"; sourceTree = "<group>"; };
		820DA03E18E851A500E3B166 /* WZAppDelegate.h */ = {isa = PBXFileReference; lastKnownFileType = sourcecode.c.h; path = WZAppDelegate.h; sourceTree = "<group>"; };
		820DA03F18E851A500E3B166 /* WZAppDelegate.m */ = {isa = PBXFileReference; lastKnownFileType = sourcecode.c.objc; path = WZAppDelegate.m; sourceTree = "<group>"; };
		820DA04218E851A500E3B166 /* Base */ = {isa = PBXFileReference; lastKnownFileType = file.storyboard; name = Base; path = Base.lproj/Main.storyboard; sourceTree = "<group>"; };
		820DA04418E851A500E3B166 /* WZViewController.h */ = {isa = PBXFileReference; lastKnownFileType = sourcecode.c.h; path = WZViewController.h; sourceTree = "<group>"; };
		820DA04518E851A500E3B166 /* WZViewController.m */ = {isa = PBXFileReference; lastKnownFileType = sourcecode.c.objc; path = WZViewController.m; sourceTree = "<group>"; };
		820DA04718E851A500E3B166 /* Images.xcassets */ = {isa = PBXFileReference; lastKnownFileType = folder.assetcatalog; path = Images.xcassets; sourceTree = "<group>"; };
		820DA04D18E851A500E3B166 /* WZDebugLogTestTests.xctest */ = {isa = PBXFileReference; explicitFileType = wrapper.cfbundle; includeInIndex = 0; path = WZDebugLogTestTests.xctest; sourceTree = BUILT_PRODUCTS_DIR; };
		820DA04E18E851A500E3B166 /* XCTest.framework */ = {isa = PBXFileReference; lastKnownFileType = wrapper.framework; name = XCTest.framework; path = Library/Frameworks/XCTest.framework; sourceTree = DEVELOPER_DIR; };
		820DA05618E851A500E3B166 /* WZDebugLogTestTests-Info.plist */ = {isa = PBXFileReference; lastKnownFileType = text.plist.xml; path = "WZDebugLogTestTests-Info.plist"; sourceTree = "<group>"; };
		820DA05818E851A500E3B166 /* en */ = {isa = PBXFileReference; lastKnownFileType = text.plist.strings; name = en; path = en.lproj/InfoPlist.strings; sourceTree = "<group>"; };
		820DA05A18E851A500E3B166 /* WZDebugLogTestTests.m */ = {isa = PBXFileReference; lastKnownFileType = sourcecode.c.objc; path = WZDebugLogTestTests.m; sourceTree = "<group>"; };
		820DA06F18E852BA00E3B166 /* configure.plist */ = {isa = PBXFileReference; fileEncoding = 4; lastKnownFileType = text.plist.xml; path = configure.plist; sourceTree = "<group>"; };
		820DA07018E852BA00E3B166 /* WZDebugLog.h */ = {isa = PBXFileReference; fileEncoding = 4; lastKnownFileType = sourcecode.c.h; lineEnding = 0; path = WZDebugLog.h; sourceTree = "<group>"; xcLanguageSpecificationIdentifier = xcode.lang.objcpp; };
		820DA07118E852BA00E3B166 /* WZDebugLog.m */ = {isa = PBXFileReference; fileEncoding = 4; lastKnownFileType = sourcecode.c.objc; path = WZDebugLog.m; sourceTree = "<group>"; };
		820DA07218E852BA00E3B166 /* WZDebugLogManager.h */ = {isa = PBXFileReference; fileEncoding = 4; lastKnownFileType = sourcecode.c.h; path = WZDebugLogManager.h; sourceTree = "<group>"; };
		820DA07318E852BA00E3B166 /* WZDebugLogManager.m */ = {isa = PBXFileReference; fileEncoding = 4; lastKnownFileType = sourcecode.c.objc; path = WZDebugLogManager.m; sourceTree = "<group>"; };
		820DA07718E854E600E3B166 /* SafeArc.h */ = {isa = PBXFileReference; lastKnownFileType = sourcecode.c.h; path = SafeArc.h; sourceTree = "<group>"; };
/* End PBXFileReference section */

/* Begin PBXFrameworksBuildPhase section */
		820DA02918E851A400E3B166 /* Frameworks */ = {
			isa = PBXFrameworksBuildPhase;
			buildActionMask = 2147483647;
			files = (
				820DA03218E851A400E3B166 /* CoreGraphics.framework in Frameworks */,
				820DA03418E851A400E3B166 /* UIKit.framework in Frameworks */,
				820DA03018E851A400E3B166 /* Foundation.framework in Frameworks */,
			);
			runOnlyForDeploymentPostprocessing = 0;
		};
		820DA04A18E851A500E3B166 /* Frameworks */ = {
			isa = PBXFrameworksBuildPhase;
			buildActionMask = 2147483647;
			files = (
				820DA04F18E851A500E3B166 /* XCTest.framework in Frameworks */,
				820DA05118E851A500E3B166 /* UIKit.framework in Frameworks */,
				820DA05018E851A500E3B166 /* Foundation.framework in Frameworks */,
			);
			runOnlyForDeploymentPostprocessing = 0;
		};
/* End PBXFrameworksBuildPhase section */

/* Begin PBXGroup section */
		820DA02318E851A400E3B166 = {
			isa = PBXGroup;
			children = (
				820DA03518E851A400E3B166 /* WZDebugLogTest */,
				820DA05418E851A500E3B166 /* WZDebugLogTestTests */,
				820DA02E18E851A400E3B166 /* Frameworks */,
				820DA02D18E851A400E3B166 /* Products */,
			);
			sourceTree = "<group>";
		};
		820DA02D18E851A400E3B166 /* Products */ = {
			isa = PBXGroup;
			children = (
				820DA02C18E851A400E3B166 /* WZDebugLogTest.app */,
				820DA04D18E851A500E3B166 /* WZDebugLogTestTests.xctest */,
			);
			name = Products;
			sourceTree = "<group>";
		};
		820DA02E18E851A400E3B166 /* Frameworks */ = {
			isa = PBXGroup;
			children = (
				820DA02F18E851A400E3B166 /* Foundation.framework */,
				820DA03118E851A400E3B166 /* CoreGraphics.framework */,
				820DA03318E851A400E3B166 /* UIKit.framework */,
				820DA04E18E851A500E3B166 /* XCTest.framework */,
			);
			name = Frameworks;
			sourceTree = "<group>";
		};
		820DA03518E851A400E3B166 /* WZDebugLogTest */ = {
			isa = PBXGroup;
			children = (
				820DA06E18E852BA00E3B166 /* WZDebugLog */,
				820DA03E18E851A500E3B166 /* WZAppDelegate.h */,
				820DA03F18E851A500E3B166 /* WZAppDelegate.m */,
				820DA04118E851A500E3B166 /* Main.storyboard */,
				820DA04418E851A500E3B166 /* WZViewController.h */,
				820DA04518E851A500E3B166 /* WZViewController.m */,
				820DA04718E851A500E3B166 /* Images.xcassets */,
				820DA03618E851A400E3B166 /* Supporting Files */,
			);
			path = WZDebugLogTest;
			sourceTree = "<group>";
		};
		820DA03618E851A400E3B166 /* Supporting Files */ = {
			isa = PBXGroup;
			children = (
				820DA03718E851A400E3B166 /* WZDebugLogTest-Info.plist */,
				820DA03818E851A400E3B166 /* InfoPlist.strings */,
				820DA03B18E851A500E3B166 /* main.m */,
				820DA03D18E851A500E3B166 /* WZDebugLogTest-Prefix.pch */,
			);
			name = "Supporting Files";
			sourceTree = "<group>";
		};
		820DA05418E851A500E3B166 /* WZDebugLogTestTests */ = {
			isa = PBXGroup;
			children = (
				820DA05A18E851A500E3B166 /* WZDebugLogTestTests.m */,
				820DA05518E851A500E3B166 /* Supporting Files */,
			);
			path = WZDebugLogTestTests;
			sourceTree = "<group>";
		};
		820DA05518E851A500E3B166 /* Supporting Files */ = {
			isa = PBXGroup;
			children = (
				820DA05618E851A500E3B166 /* WZDebugLogTestTests-Info.plist */,
				820DA05718E851A500E3B166 /* InfoPlist.strings */,
			);
			name = "Supporting Files";
			sourceTree = "<group>";
		};
		820DA06E18E852BA00E3B166 /* WZDebugLog */ = {
			isa = PBXGroup;
			children = (
				820DA06F18E852BA00E3B166 /* configure.plist */,
				820DA07718E854E600E3B166 /* SafeArc.h */,
				820DA07018E852BA00E3B166 /* WZDebugLog.h */,
				820DA07118E852BA00E3B166 /* WZDebugLog.m */,
				820DA07218E852BA00E3B166 /* WZDebugLogManager.h */,
				820DA07318E852BA00E3B166 /* WZDebugLogManager.m */,
			);
			name = WZDebugLog;
			path = ../../WZDebugLog;
			sourceTree = "<group>";
		};
/* End PBXGroup section */

/* Begin PBXNativeTarget section */
		820DA02B18E851A400E3B166 /* WZDebugLogTest */ = {
			isa = PBXNativeTarget;
			buildConfigurationList = 820DA05E18E851A500E3B166 /* Build configuration list for PBXNativeTarget "WZDebugLogTest" */;
			buildPhases = (
				820DA02818E851A400E3B166 /* Sources */,
				820DA02918E851A400E3B166 /* Frameworks */,
				820DA02A18E851A400E3B166 /* Resources */,
			);
			buildRules = (
			);
			dependencies = (
			);
			name = WZDebugLogTest;
			productName = WZDebugLogTest;
			productReference = 820DA02C18E851A400E3B166 /* WZDebugLogTest.app */;
			productType = "com.apple.product-type.application";
		};
		820DA04C18E851A500E3B166 /* WZDebugLogTestTests */ = {
			isa = PBXNativeTarget;
			buildConfigurationList = 820DA06118E851A500E3B166 /* Build configuration list for PBXNativeTarget "WZDebugLogTestTests" */;
			buildPhases = (
				820DA04918E851A500E3B166 /* Sources */,
				820DA04A18E851A500E3B166 /* Frameworks */,
				820DA04B18E851A500E3B166 /* Resources */,
			);
			buildRules = (
			);
			dependencies = (
				820DA05318E851A500E3B166 /* PBXTargetDependency */,
			);
			name = WZDebugLogTestTests;
			productName = WZDebugLogTestTests;
			productReference = 820DA04D18E851A500E3B166 /* WZDebugLogTestTests.xctest */;
			productType = "com.apple.product-type.bundle.unit-test";
		};
/* End PBXNativeTarget section */

/* Begin PBXProject section */
		820DA02418E851A400E3B166 /* Project object */ = {
			isa = PBXProject;
			attributes = {
				CLASSPREFIX = WZ;
				LastUpgradeCheck = 0500;
				ORGANIZATIONNAME = wangzz;
				TargetAttributes = {
					820DA04C18E851A500E3B166 = {
						TestTargetID = 820DA02B18E851A400E3B166;
					};
				};
			};
			buildConfigurationList = 820DA02718E851A400E3B166 /* Build configuration list for PBXProject "WZDebugLogTest" */;
			compatibilityVersion = "Xcode 3.2";
			developmentRegion = English;
			hasScannedForEncodings = 0;
			knownRegions = (
				en,
				Base,
			);
			mainGroup = 820DA02318E851A400E3B166;
			productRefGroup = 820DA02D18E851A400E3B166 /* Products */;
			projectDirPath = "";
			projectRoot = "";
			targets = (
				820DA02B18E851A400E3B166 /* WZDebugLogTest */,
				820DA04C18E851A500E3B166 /* WZDebugLogTestTests */,
			);
		};
/* End PBXProject section */

/* Begin PBXResourcesBuildPhase section */
		820DA02A18E851A400E3B166 /* Resources */ = {
			isa = PBXResourcesBuildPhase;
			buildActionMask = 2147483647;
			files = (
				820DA04818E851A500E3B166 /* Images.xcassets in Resources */,
				820DA03A18E851A400E3B166 /* InfoPlist.strings in Resources */,
				820DA04318E851A500E3B166 /* Main.storyboard in Resources */,
				820DA07418E852BA00E3B166 /* configure.plist in Resources */,
			);
			runOnlyForDeploymentPostprocessing = 0;
		};
		820DA04B18E851A500E3B166 /* Resources */ = {
			isa = PBXResourcesBuildPhase;
			buildActionMask = 2147483647;
			files = (
				820DA05918E851A500E3B166 /* InfoPlist.strings in Resources */,
			);
			runOnlyForDeploymentPostprocessing = 0;
		};
/* End PBXResourcesBuildPhase section */

/* Begin PBXSourcesBuildPhase section */
		820DA02818E851A400E3B166 /* Sources */ = {
			isa = PBXSourcesBuildPhase;
			buildActionMask = 2147483647;
			files = (
				820DA03C18E851A500E3B166 /* main.m in Sources */,
				820DA07518E852BA00E3B166 /* WZDebugLog.m in Sources */,
				820DA04018E851A500E3B166 /* WZAppDelegate.m in Sources */,
				820DA04618E851A500E3B166 /* WZViewController.m in Sources */,
				820DA07618E852BA00E3B166 /* WZDebugLogManager.m in Sources */,
			);
			runOnlyForDeploymentPostprocessing = 0;
		};
		820DA04918E851A500E3B166 /* Sources */ = {
			isa = PBXSourcesBuildPhase;
			buildActionMask = 2147483647;
			files = (
				820DA05B18E851A500E3B166 /* WZDebugLogTestTests.m in Sources */,
			);
			runOnlyForDeploymentPostprocessing = 0;
		};
/* End PBXSourcesBuildPhase section */

/* Begin PBXTargetDependency section */
		820DA05318E851A500E3B166 /* PBXTargetDependency */ = {
			isa = PBXTargetDependency;
			target = 820DA02B18E851A400E3B166 /* WZDebugLogTest */;
			targetProxy = 820DA05218E851A500E3B166 /* PBXContainerItemProxy */;
		};
/* End PBXTargetDependency section */

/* Begin PBXVariantGroup section */
		820DA03818E851A400E3B166 /* InfoPlist.strings */ = {
			isa = PBXVariantGroup;
			children = (
				820DA03918E851A400E3B166 /* en */,
			);
			name = InfoPlist.strings;
			sourceTree = "<group>";
		};
		820DA04118E851A500E3B166 /* Main.storyboard */ = {
			isa = PBXVariantGroup;
			children = (
				820DA04218E851A500E3B166 /* Base */,
			);
			name = Main.storyboard;
			sourceTree = "<group>";
		};
		820DA05718E851A500E3B166 /* InfoPlist.strings */ = {
			isa = PBXVariantGroup;
			children = (
				820DA05818E851A500E3B166 /* en */,
			);
			name = InfoPlist.strings;
			sourceTree = "<group>";
		};
/* End PBXVariantGroup section */

/* Begin XCBuildConfiguration section */
		820DA05C18E851A500E3B166 /* Debug */ = {
			isa = XCBuildConfiguration;
			buildSettings = {
				ALWAYS_SEARCH_USER_PATHS = NO;
				ARCHS = "$(ARCHS_STANDARD_INCLUDING_64_BIT)";
				CLANG_CXX_LANGUAGE_STANDARD = "gnu++0x";
				CLANG_CXX_LIBRARY = "libc++";
				CLANG_ENABLE_MODULES = YES;
				CLANG_ENABLE_OBJC_ARC = YES;
				CLANG_WARN_BOOL_CONVERSION = YES;
				CLANG_WARN_CONSTANT_CONVERSION = YES;
				CLANG_WARN_DIRECT_OBJC_ISA_USAGE = YES_ERROR;
				CLANG_WARN_EMPTY_BODY = YES;
				CLANG_WARN_ENUM_CONVERSION = YES;
				CLANG_WARN_INT_CONVERSION = YES;
				CLANG_WARN_OBJC_ROOT_CLASS = YES_ERROR;
				CLANG_WARN__DUPLICATE_METHOD_MATCH = YES;
				"CODE_SIGN_IDENTITY[sdk=iphoneos*]" = "iPhone Developer";
				COPY_PHASE_STRIP = NO;
				GCC_C_LANGUAGE_STANDARD = gnu99;
				GCC_DYNAMIC_NO_PIC = NO;
				GCC_OPTIMIZATION_LEVEL = 0;
				GCC_PREPROCESSOR_DEFINITIONS = (
					"DEBUG=1",
					"$(inherited)",
				);
				GCC_SYMBOLS_PRIVATE_EXTERN = NO;
				GCC_WARN_64_TO_32_BIT_CONVERSION = YES;
				GCC_WARN_ABOUT_RETURN_TYPE = YES_ERROR;
				GCC_WARN_UNDECLARED_SELECTOR = YES;
				GCC_WARN_UNINITIALIZED_AUTOS = YES;
				GCC_WARN_UNUSED_FUNCTION = YES;
				GCC_WARN_UNUSED_VARIABLE = YES;
				IPHONEOS_DEPLOYMENT_TARGET = 7.0;
				ONLY_ACTIVE_ARCH = YES;
				SDKROOT = iphoneos;
			};
			name = Debug;
		};
		820DA05D18E851A500E3B166 /* Release */ = {
			isa = XCBuildConfiguration;
			buildSettings = {
				ALWAYS_SEARCH_USER_PATHS = NO;
				ARCHS = "$(ARCHS_STANDARD_INCLUDING_64_BIT)";
				CLANG_CXX_LANGUAGE_STANDARD = "gnu++0x";
				CLANG_CXX_LIBRARY = "libc++";
				CLANG_ENABLE_MODULES = YES;
				CLANG_ENABLE_OBJC_ARC = YES;
				CLANG_WARN_BOOL_CONVERSION = YES;
				CLANG_WARN_CONSTANT_CONVERSION = YES;
				CLANG_WARN_DIRECT_OBJC_ISA_USAGE = YES_ERROR;
				CLANG_WARN_EMPTY_BODY = YES;
				CLANG_WARN_ENUM_CONVERSION = YES;
				CLANG_WARN_INT_CONVERSION = YES;
				CLANG_WARN_OBJC_ROOT_CLASS = YES_ERROR;
				CLANG_WARN__DUPLICATE_METHOD_MATCH = YES;
				"CODE_SIGN_IDENTITY[sdk=iphoneos*]" = "iPhone Developer";
				COPY_PHASE_STRIP = YES;
				ENABLE_NS_ASSERTIONS = NO;
				GCC_C_LANGUAGE_STANDARD = gnu99;
				GCC_WARN_64_TO_32_BIT_CONVERSION = YES;
				GCC_WARN_ABOUT_RETURN_TYPE = YES_ERROR;
				GCC_WARN_UNDECLARED_SELECTOR = YES;
				GCC_WARN_UNINITIALIZED_AUTOS = YES;
				GCC_WARN_UNUSED_FUNCTION = YES;
				GCC_WARN_UNUSED_VARIABLE = YES;
				IPHONEOS_DEPLOYMENT_TARGET = 7.0;
				SDKROOT = iphoneos;
				VALIDATE_PRODUCT = YES;
			};
			name = Release;
		};
		820DA05F18E851A500E3B166 /* Debug */ = {
			isa = XCBuildConfiguration;
			buildSettings = {
				ASSETCATALOG_COMPILER_APPICON_NAME = AppIcon;
				ASSETCATALOG_COMPILER_LAUNCHIMAGE_NAME = LaunchImage;
				GCC_PRECOMPILE_PREFIX_HEADER = YES;
				GCC_PREFIX_HEADER = "WZDebugLogTest/WZDebugLogTest-Prefix.pch";
				INFOPLIST_FILE = "WZDebugLogTest/WZDebugLogTest-Info.plist";
				PRODUCT_NAME = "$(TARGET_NAME)";
				WRAPPER_EXTENSION = app;
			};
			name = Debug;
		};
		820DA06018E851A500E3B166 /* Release */ = {
			isa = XCBuildConfiguration;
			buildSettings = {
				ASSETCATALOG_COMPILER_APPICON_NAME = AppIcon;
				ASSETCATALOG_COMPILER_LAUNCHIMAGE_NAME = LaunchImage;
				GCC_PRECOMPILE_PREFIX_HEADER = YES;
				GCC_PREFIX_HEADER = "WZDebugLogTest/WZDebugLogTest-Prefix.pch";
				INFOPLIST_FILE = "WZDebugLogTest/WZDebugLogTest-Info.plist";
				PRODUCT_NAME = "$(TARGET_NAME)";
				WRAPPER_EXTENSION = app;
			};
			name = Release;
		};
		820DA06218E851A500E3B166 /* Debug */ = {
			isa = XCBuildConfiguration;
			buildSettings = {
				ARCHS = "$(ARCHS_STANDARD_INCLUDING_64_BIT)";
				BUNDLE_LOADER = "$(BUILT_PRODUCTS_DIR)/WZDebugLogTest.app/WZDebugLogTest";
				FRAMEWORK_SEARCH_PATHS = (
					"$(SDKROOT)/Developer/Library/Frameworks",
					"$(inherited)",
					"$(DEVELOPER_FRAMEWORKS_DIR)",
				);
				GCC_PRECOMPILE_PREFIX_HEADER = YES;
				GCC_PREFIX_HEADER = "WZDebugLogTest/WZDebugLogTest-Prefix.pch";
				GCC_PREPROCESSOR_DEFINITIONS = (
					"DEBUG=1",
					"$(inherited)",
				);
				INFOPLIST_FILE = "WZDebugLogTestTests/WZDebugLogTestTests-Info.plist";
				PRODUCT_NAME = "$(TARGET_NAME)";
				TEST_HOST = "$(BUNDLE_LOADER)";
				WRAPPER_EXTENSION = xctest;
			};
			name = Debug;
		};
		820DA06318E851A500E3B166 /* Release */ = {
			isa = XCBuildConfiguration;
			buildSettings = {
				ARCHS = "$(ARCHS_STANDARD_INCLUDING_64_BIT)";
				BUNDLE_LOADER = "$(BUILT_PRODUCTS_DIR)/WZDebugLogTest.app/WZDebugLogTest";
				FRAMEWORK_SEARCH_PATHS = (
					"$(SDKROOT)/Developer/Library/Frameworks",
					"$(inherited)",
					"$(DEVELOPER_FRAMEWORKS_DIR)",
				);
				GCC_PRECOMPILE_PREFIX_HEADER = YES;
				GCC_PREFIX_HEADER = "WZDebugLogTest/WZDebugLogTest-Prefix.pch";
				INFOPLIST_FILE = "WZDebugLogTestTests/WZDebugLogTestTests-Info.plist";
				PRODUCT_NAME = "$(TARGET_NAME)";
				TEST_HOST = "$(BUNDLE_LOADER)";
				WRAPPER_EXTENSION = xctest;
			};
			name = Release;
		};
/* End XCBuildConfiguration section */

/* Begin XCConfigurationList section */
		820DA02718E851A400E3B166 /* Build configuration list for PBXProject "WZDebugLogTest" */ = {
			isa = XCConfigurationList;
			buildConfigurations = (
				820DA05C18E851A500E3B166 /* Debug */,
				820DA05D18E851A500E3B166 /* Release */,
			);
			defaultConfigurationIsVisible = 0;
			defaultConfigurationName = Release;
		};
		820DA05E18E851A500E3B166 /* Build configuration list for PBXNativeTarget "WZDebugLogTest" */ = {
			isa = XCConfigurationList;
			buildConfigurations = (
				820DA05F18E851A500E3B166 /* Debug */,
				820DA06018E851A500E3B166 /* Release */,
			);
			defaultConfigurationIsVisible = 0;
			defaultConfigurationName = Release;
		};
		820DA06118E851A500E3B166 /* Build configuration list for PBXNativeTarget "WZDebugLogTestTests" */ = {
			isa = XCConfigurationList;
			buildConfigurations = (
				820DA06218E851A500E3B166 /* Debug */,
				820DA06318E851A500E3B166 /* Release */,
			);
			defaultConfigurationIsVisible = 0;
			defaultConfigurationName = Release;
		};
/* End XCConfigurationList section */
	};
	rootObject = 820DA02418E851A400E3B166 /* Project object */;
}
